
Microsoft Visual Studio Solution File, Format Version 12.00
Project("{FAE04EC0-301F-11D3-BF4B-00C04F79EFBC}") = "RainWater", "RainWater\RainWater.csproj", "{E5993542-818E-4643-B4ED-02F6C78B1E90}"
EndProject
Project("{FAE04EC0-301F-11D3-BF4B-00C04F79EFBC}") = "Tests", "Tests\Tests.csproj", "{25653362-0726-4470-9921-F5081DB80168}"
EndProject
Project("{FAE04EC0-301F-11D3-BF4B-00C04F79EFBC}") = "DiceRoll", "DiceRoll\DiceRoll.csproj", "{6ACD8C30-EA0C-4A11-BB9D-CE483A0A000A}"
EndProject
Project("{FAE04EC0-301F-11D3-BF4B-00C04F79EFBC}") = "ImmutableType", "ImmutableType\ImmutableType.csproj", "{806DB016-5584-4C7A-AD6B-050238003FC2}"
EndProject
Global
	GlobalSection(SolutionConfigurationPlatforms) = preSolution
		Debug|Any CPU = Debug|Any CPU
		Release|Any CPU = Release|Any CPU
	EndGlobalSection
	GlobalSection(ProjectConfigurationPlatforms) = postSolution
		{E5993542-818E-4643-B4ED-02F6C78B1E90}.Debug|Any CPU.ActiveCfg = Debug|Any CPU
		{E5993542-818E-4643-B4ED-02F6C78B1E90}.Debug|Any CPU.Build.0 = Debug|Any CPU
		{E5993542-818E-4643-B4ED-02F6C78B1E90}.Release|Any CPU.ActiveCfg = Release|Any CPU
		{E5993542-818E-4643-B4ED-02F6C78B1E90}.Release|Any CPU.Build.0 = Release|Any CPU
		{25653362-0726-4470-9921-F5081DB80168}.Debug|Any CPU.ActiveCfg = Debug|Any CPU
		{25653362-0726-4470-9921-F5081DB80168}.Debug|Any CPU.Build.0 = Debug|Any CPU
		{25653362-0726-4470-9921-F5081DB80168}.Release|Any CPU.ActiveCfg = Release|Any CPU
		{25653362-0726-4470-9921-F5081DB80168}.Release|Any CPU.Build.0 = Release|Any CPU
		{6ACD8C30-EA0C-4A11-BB9D-CE483A0A000A}.Debug|Any CPU.ActiveCfg = Debug|Any CPU
		{6ACD8C30-EA0C-4A11-BB9D-CE483A0A000A}.Debug|Any CPU.Build.0 = Debug|Any CPU
		{6ACD8C30-EA0C-4A11-BB9D-CE483A0A000A}.Release|Any CPU.ActiveCfg = Release|Any CPU
		{6ACD8C30-EA0C-4A11-BB9D-CE483A0A000A}.Release|Any CPU.Build.0 = Release|Any CPU
		{806DB016-5584-4C7A-AD6B-050238003FC2}.Debug|Any CPU.ActiveCfg = Debug|Any CPU
		{806DB016-5584-4C7A-AD6B-050238003FC2}.Debug|Any CPU.Build.0 = Debug|Any CPU
		{806DB016-5584-4C7A-AD6B-050238003FC2}.Release|Any CPU.ActiveCfg = Release|Any CPU
		{806DB016-5584-4C7A-AD6B-050238003FC2}.Release|Any CPU.Build.0 = Release|Any CPU
	EndGlobalSection
EndGlobal
