
Microsoft Visual Studio Solution File, Format Version 12.00
Project("{FAE04EC0-301F-11D3-BF4B-00C04F79EFBC}") = "MinStack", "MinStack\MinStack.csproj", "{18D78531-8038-42D7-817A-8D44638F2027}"
EndProject
Project("{FAE04EC0-301F-11D3-BF4B-00C04F79EFBC}") = "Tests", "Tests\Tests.csproj", "{F0B93F94-F44E-4F38-8ED5-FDF109A3EE08}"
EndProject
Global
	GlobalSection(SolutionConfigurationPlatforms) = preSolution
		Debug|Any CPU = Debug|Any CPU
		Release|Any CPU = Release|Any CPU
	EndGlobalSection
	GlobalSection(ProjectConfigurationPlatforms) = postSolution
		{18D78531-8038-42D7-817A-8D44638F2027}.Debug|Any CPU.ActiveCfg = Debug|Any CPU
		{18D78531-8038-42D7-817A-8D44638F2027}.Debug|Any CPU.Build.0 = Debug|Any CPU
		{18D78531-8038-42D7-817A-8D44638F2027}.Release|Any CPU.ActiveCfg = Release|Any CPU
		{18D78531-8038-42D7-817A-8D44638F2027}.Release|Any CPU.Build.0 = Release|Any CPU
		{F0B93F94-F44E-4F38-8ED5-FDF109A3EE08}.Debug|Any CPU.ActiveCfg = Debug|Any CPU
		{F0B93F94-F44E-4F38-8ED5-FDF109A3EE08}.Debug|Any CPU.Build.0 = Debug|Any CPU
		{F0B93F94-F44E-4F38-8ED5-FDF109A3EE08}.Release|Any CPU.ActiveCfg = Release|Any CPU
		{F0B93F94-F44E-4F38-8ED5-FDF109A3EE08}.Release|Any CPU.Build.0 = Release|Any CPU
	EndGlobalSection
EndGlobal
