
Microsoft Visual Studio Solution File, Format Version 12.00
Project("{FAE04EC0-301F-11D3-BF4B-00C04F79EFBC}") = "HomogeneousCache", "HomogeneousCache\HomogeneousCache.csproj", "{546DF8AA-0B49-432F-9597-07BAC63416E6}"
EndProject
Global
	GlobalSection(SolutionConfigurationPlatforms) = preSolution
		Debug|Any CPU = Debug|Any CPU
		Release|Any CPU = Release|Any CPU
	EndGlobalSection
	GlobalSection(ProjectConfigurationPlatforms) = postSolution
		{546DF8AA-0B49-432F-9597-07BAC63416E6}.Debug|Any CPU.ActiveCfg = Debug|Any CPU
		{546DF8AA-0B49-432F-9597-07BAC63416E6}.Debug|Any CPU.Build.0 = Debug|Any CPU
		{546DF8AA-0B49-432F-9597-07BAC63416E6}.Release|Any CPU.ActiveCfg = Release|Any CPU
		{546DF8AA-0B49-432F-9597-07BAC63416E6}.Release|Any CPU.Build.0 = Release|Any CPU
	EndGlobalSection
EndGlobal
